// !$*UTF8*$!
{
	archiveVersion = 1;
	classes = {
	};
	objectVersion = 46;
	objects = {

/* Begin PBXBuildFile section */
		8CF1D0911EE1023A00DD39F1 /* AppDelegate.swift in Sources */ = {isa = PBXBuildFile; fileRef = 8CF1D0901EE1023A00DD39F1 /* AppDelegate.swift */; };
		8CF1D0931EE1023A00DD39F1 /* ViewController.swift in Sources */ = {isa = PBXBuildFile; fileRef = 8CF1D0921EE1023A00DD39F1 /* ViewController.swift */; };
		8CF1D0961EE1023A00DD39F1 /* Main.storyboard in Resources */ = {isa = PBXBuildFile; fileRef = 8CF1D0941EE1023A00DD39F1 /* Main.storyboard */; };
		8CF1D0981EE1023A00DD39F1 /* Assets.xcassets in Resources */ = {isa = PBXBuildFile; fileRef = 8CF1D0971EE1023A00DD39F1 /* Assets.xcassets */; };
		8CF1D09B1EE1023A00DD39F1 /* LaunchScreen.storyboard in Resources */ = {isa = PBXBuildFile; fileRef = 8CF1D0991EE1023A00DD39F1 /* LaunchScreen.storyboard */; };
		8CF1D0A61EE1023A00DD39F1 /* ColorBlindTestTests.swift in Sources */ = {isa = PBXBuildFile; fileRef = 8CF1D0A51EE1023A00DD39F1 /* ColorBlindTestTests.swift */; };
		8CF1D0B11EE1023A00DD39F1 /* ColorBlindTestUITests.swift in Sources */ = {isa = PBXBuildFile; fileRef = 8CF1D0B01EE1023A00DD39F1 /* ColorBlindTestUITests.swift */; };
/* End PBXBuildFile section */

/* Begin PBXContainerItemProxy section */
		8CF1D0A21EE1023A00DD39F1 /* PBXContainerItemProxy */ = {
			isa = PBXContainerItemProxy;
			containerPortal = 8CF1D0851EE1023A00DD39F1 /* Project object */;
			proxyType = 1;
			remoteGlobalIDString = 8CF1D08C1EE1023A00DD39F1;
			remoteInfo = ColorBlindTest;
		};
		8CF1D0AD1EE1023A00DD39F1 /* PBXContainerItemProxy */ = {
			isa = PBXContainerItemProxy;
			containerPortal = 8CF1D0851EE1023A00DD39F1 /* Project object */;
			proxyType = 1;
			remoteGlobalIDString = 8CF1D08C1EE1023A00DD39F1;
			remoteInfo = ColorBlindTest;
		};
/* End PBXContainerItemProxy section */

/* Begin PBXFileReference section */
		8CF1D08D1EE1023A00DD39F1 /* ColorBlindTest.app */ = {isa = PBXFileReference; explicitFileType = wrapper.application; includeInIndex = 0; path = ColorBlindTest.app; sourceTree = BUILT_PRODUCTS_DIR; };
		8CF1D0901EE1023A00DD39F1 /* AppDelegate.swift */ = {isa = PBXFileReference; lastKnownFileType = sourcecode.swift; path = AppDelegate.swift; sourceTree = "<group>"; };
		8CF1D0921EE1023A00DD39F1 /* ViewController.swift */ = {isa = PBXFileReference; lastKnownFileType = sourcecode.swift; path = ViewController.swift; sourceTree = "<group>"; };
		8CF1D0951EE1023A00DD39F1 /* Base */ = {isa = PBXFileReference; lastKnownFileType = file.storyboard; name = Base; path = Base.lproj/Main.storyboard; sourceTree = "<group>"; };
		8CF1D0971EE1023A00DD39F1 /* Assets.xcassets */ = {isa = PBXFileReference; lastKnownFileType = folder.assetcatalog; path = Assets.xcassets; sourceTree = "<group>"; };
		8CF1D09A1EE1023A00DD39F1 /* Base */ = {isa = PBXFileReference; lastKnownFileType = file.storyboard; name = Base; path = Base.lproj/LaunchScreen.storyboard; sourceTree = "<group>"; };
		8CF1D09C1EE1023A00DD39F1 /* Info.plist */ = {isa = PBXFileReference; lastKnownFileType = text.plist.xml; path = Info.plist; sourceTree = "<group>"; };
		8CF1D0A11EE1023A00DD39F1 /* ColorBlindTestTests.xctest */ = {isa = PBXFileReference; explicitFileType = wrapper.cfbundle; includeInIndex = 0; path = ColorBlindTestTests.xctest; sourceTree = BUILT_PRODUCTS_DIR; };
		8CF1D0A51EE1023A00DD39F1 /* ColorBlindTestTests.swift */ = {isa = PBXFileReference; lastKnownFileType = sourcecode.swift; path = ColorBlindTestTests.swift; sourceTree = "<group>"; };
		8CF1D0A71EE1023A00DD39F1 /* Info.plist */ = {isa = PBXFileReference; lastKnownFileType = text.plist.xml; path = Info.plist; sourceTree = "<group>"; };
		8CF1D0AC1EE1023A00DD39F1 /* ColorBlindTestUITests.xctest */ = {isa = PBXFileReference; explicitFileType = wrapper.cfbundle; includeInIndex = 0; path = ColorBlindTestUITests.xctest; sourceTree = BUILT_PRODUCTS_DIR; };
		8CF1D0B01EE1023A00DD39F1 /* ColorBlindTestUITests.swift */ = {isa = PBXFileReference; lastKnownFileType = sourcecode.swift; path = ColorBlindTestUITests.swift; sourceTree = "<group>"; };
		8CF1D0B21EE1023A00DD39F1 /* Info.plist */ = {isa = PBXFileReference; lastKnownFileType = text.plist.xml; path = Info.plist; sourceTree = "<group>"; };
/* End PBXFileReference section */

/* Begin PBXFrameworksBuildPhase section */
		8CF1D08A1EE1023A00DD39F1 /* Frameworks */ = {
			isa = PBXFrameworksBuildPhase;
			buildActionMask = 2147483647;
			files = (
			);
			runOnlyForDeploymentPostprocessing = 0;
		};
		8CF1D09E1EE1023A00DD39F1 /* Frameworks */ = {
			isa = PBXFrameworksBuildPhase;
			buildActionMask = 2147483647;
			files = (
			);
			runOnlyForDeploymentPostprocessing = 0;
		};
		8CF1D0A91EE1023A00DD39F1 /* Frameworks */ = {
			isa = PBXFrameworksBuildPhase;
			buildActionMask = 2147483647;
			files = (
			);
			runOnlyForDeploymentPostprocessing = 0;
		};
/* End PBXFrameworksBuildPhase section */

/* Begin PBXGroup section */
		8CF1D0841EE1023A00DD39F1 = {
			isa = PBXGroup;
			children = (
				8CF1D08F1EE1023A00DD39F1 /* ColorBlindTest */,
				8CF1D0A41EE1023A00DD39F1 /* ColorBlindTestTests */,
				8CF1D0AF1EE1023A00DD39F1 /* ColorBlindTestUITests */,
				8CF1D08E1EE1023A00DD39F1 /* Products */,
			);
			sourceTree = "<group>";
		};
		8CF1D08E1EE1023A00DD39F1 /* Products */ = {
			isa = PBXGroup;
			children = (
				8CF1D08D1EE1023A00DD39F1 /* ColorBlindTest.app */,
				8CF1D0A11EE1023A00DD39F1 /* ColorBlindTestTests.xctest */,
				8CF1D0AC1EE1023A00DD39F1 /* ColorBlindTestUITests.xctest */,
			);
			name = Products;
			sourceTree = "<group>";
		};
		8CF1D08F1EE1023A00DD39F1 /* ColorBlindTest */ = {
			isa = PBXGroup;
			children = (
				8CF1D0901EE1023A00DD39F1 /* AppDelegate.swift */,
				8CF1D0921EE1023A00DD39F1 /* ViewController.swift */,
				8CF1D0941EE1023A00DD39F1 /* Main.storyboard */,
				8CF1D0971EE1023A00DD39F1 /* Assets.xcassets */,
				8CF1D0991EE1023A00DD39F1 /* LaunchScreen.storyboard */,
				8CF1D09C1EE1023A00DD39F1 /* Info.plist */,
			);
			path = ColorBlindTest;
			sourceTree = "<group>";
		};
		8CF1D0A41EE1023A00DD39F1 /* ColorBlindTestTests */ = {
			isa = PBXGroup;
			children = (
				8CF1D0A51EE1023A00DD39F1 /* ColorBlindTestTests.swift */,
				8CF1D0A71EE1023A00DD39F1 /* Info.plist */,
			);
			path = ColorBlindTestTests;
			sourceTree = "<group>";
		};
		8CF1D0AF1EE1023A00DD39F1 /* ColorBlindTestUITests */ = {
			isa = PBXGroup;
			children = (
				8CF1D0B01EE1023A00DD39F1 /* ColorBlindTestUITests.swift */,
				8CF1D0B21EE1023A00DD39F1 /* Info.plist */,
			);
			path = ColorBlindTestUITests;
			sourceTree = "<group>";
		};
/* End PBXGroup section */

/* Begin PBXNativeTarget section */
		8CF1D08C1EE1023A00DD39F1 /* ColorBlindTest */ = {
			isa = PBXNativeTarget;
			buildConfigurationList = 8CF1D0B51EE1023A00DD39F1 /* Build configuration list for PBXNativeTarget "ColorBlindTest" */;
			buildPhases = (
				8CF1D0891EE1023A00DD39F1 /* Sources */,
				8CF1D08A1EE1023A00DD39F1 /* Frameworks */,
				8CF1D08B1EE1023A00DD39F1 /* Resources */,
			);
			buildRules = (
			);
			dependencies = (
			);
			name = ColorBlindTest;
			productName = ColorBlindTest;
			productReference = 8CF1D08D1EE1023A00DD39F1 /* ColorBlindTest.app */;
			productType = "com.apple.product-type.application";
		};
		8CF1D0A01EE1023A00DD39F1 /* ColorBlindTestTests */ = {
			isa = PBXNativeTarget;
			buildConfigurationList = 8CF1D0B81EE1023A00DD39F1 /* Build configuration list for PBXNativeTarget "ColorBlindTestTests" */;
			buildPhases = (
				8CF1D09D1EE1023A00DD39F1 /* Sources */,
				8CF1D09E1EE1023A00DD39F1 /* Frameworks */,
				8CF1D09F1EE1023A00DD39F1 /* Resources */,
			);
			buildRules = (
			);
			dependencies = (
				8CF1D0A31EE1023A00DD39F1 /* PBXTargetDependency */,
			);
			name = ColorBlindTestTests;
			productName = ColorBlindTestTests;
			productReference = 8CF1D0A11EE1023A00DD39F1 /* ColorBlindTestTests.xctest */;
			productType = "com.apple.product-type.bundle.unit-test";
		};
		8CF1D0AB1EE1023A00DD39F1 /* ColorBlindTestUITests */ = {
			isa = PBXNativeTarget;
			buildConfigurationList = 8CF1D0BB1EE1023A00DD39F1 /* Build configuration list for PBXNativeTarget "ColorBlindTestUITests" */;
			buildPhases = (
				8CF1D0A81EE1023A00DD39F1 /* Sources */,
				8CF1D0A91EE1023A00DD39F1 /* Frameworks */,
				8CF1D0AA1EE1023A00DD39F1 /* Resources */,
			);
			buildRules = (
			);
			dependencies = (
				8CF1D0AE1EE1023A00DD39F1 /* PBXTargetDependency */,
			);
			name = ColorBlindTestUITests;
			productName = ColorBlindTestUITests;
			productReference = 8CF1D0AC1EE1023A00DD39F1 /* ColorBlindTestUITests.xctest */;
			productType = "com.apple.product-type.bundle.ui-testing";
		};
/* End PBXNativeTarget section */

/* Begin PBXProject section */
		8CF1D0851EE1023A00DD39F1 /* Project object */ = {
			isa = PBXProject;
			attributes = {
				LastSwiftUpdateCheck = 0820;
				LastUpgradeCheck = 0820;
				ORGANIZATIONNAME = DuckKite;
				TargetAttributes = {
					8CF1D08C1EE1023A00DD39F1 = {
						CreatedOnToolsVersion = 8.2.1;
						DevelopmentTeam = C76C44PQR5;
						ProvisioningStyle = Automatic;
					};
					8CF1D0A01EE1023A00DD39F1 = {
						CreatedOnToolsVersion = 8.2.1;
						DevelopmentTeam = C76C44PQR5;
						ProvisioningStyle = Automatic;
						TestTargetID = 8CF1D08C1EE1023A00DD39F1;
					};
					8CF1D0AB1EE1023A00DD39F1 = {
						CreatedOnToolsVersion = 8.2.1;
						DevelopmentTeam = C76C44PQR5;
						ProvisioningStyle = Automatic;
						TestTargetID = 8CF1D08C1EE1023A00DD39F1;
					};
				};
			};
			buildConfigurationList = 8CF1D0881EE1023A00DD39F1 /* Build configuration list for PBXProject "ColorBlindTest" */;
			compatibilityVersion = "Xcode 3.2";
			developmentRegion = English;
			hasScannedForEncodings = 0;
			knownRegions = (
				en,
				Base,
			);
			mainGroup = 8CF1D0841EE1023A00DD39F1;
			productRefGroup = 8CF1D08E1EE1023A00DD39F1 /* Products */;
			projectDirPath = "";
			projectRoot = "";
			targets = (
				8CF1D08C1EE1023A00DD39F1 /* ColorBlindTest */,
				8CF1D0A01EE1023A00DD39F1 /* ColorBlindTestTests */,
				8CF1D0AB1EE1023A00DD39F1 /* ColorBlindTestUITests */,
			);
		};
/* End PBXProject section */

/* Begin PBXResourcesBuildPhase section */
		8CF1D08B1EE1023A00DD39F1 /* Resources */ = {
			isa = PBXResourcesBuildPhase;
			buildActionMask = 2147483647;
			files = (
				8CF1D09B1EE1023A00DD39F1 /* LaunchScreen.storyboard in Resources */,
				8CF1D0981EE1023A00DD39F1 /* Assets.xcassets in Resources */,
				8CF1D0961EE1023A00DD39F1 /* Main.storyboard in Resources */,
			);
			runOnlyForDeploymentPostprocessing = 0;
		};
		8CF1D09F1EE1023A00DD39F1 /* Resources */ = {
			isa = PBXResourcesBuildPhase;
			buildActionMask = 2147483647;
			files = (
			);
			runOnlyForDeploymentPostprocessing = 0;
		};
		8CF1D0AA1EE1023A00DD39F1 /* Resources */ = {
			isa = PBXResourcesBuildPhase;
			buildActionMask = 2147483647;
			files = (
			);
			runOnlyForDeploymentPostprocessing = 0;
		};
/* End PBXResourcesBuildPhase section */

/* Begin PBXSourcesBuildPhase section */
		8CF1D0891EE1023A00DD39F1 /* Sources */ = {
			isa = PBXSourcesBuildPhase;
			buildActionMask = 2147483647;
			files = (
				8CF1D0931EE1023A00DD39F1 /* ViewController.swift in Sources */,
				8CF1D0911EE1023A00DD39F1 /* AppDelegate.swift in Sources */,
			);
			runOnlyForDeploymentPostprocessing = 0;
		};
		8CF1D09D1EE1023A00DD39F1 /* Sources */ = {
			isa = PBXSourcesBuildPhase;
			buildActionMask = 2147483647;
			files = (
				8CF1D0A61EE1023A00DD39F1 /* ColorBlindTestTests.swift in Sources */,
			);
			runOnlyForDeploymentPostprocessing = 0;
		};
		8CF1D0A81EE1023A00DD39F1 /* Sources */ = {
			isa = PBXSourcesBuildPhase;
			buildActionMask = 2147483647;
			files = (
				8CF1D0B11EE1023A00DD39F1 /* ColorBlindTestUITests.swift in Sources */,
			);
			runOnlyForDeploymentPostprocessing = 0;
		};
/* End PBXSourcesBuildPhase section */

/* Begin PBXTargetDependency section */
		8CF1D0A31EE1023A00DD39F1 /* PBXTargetDependency */ = {
			isa = PBXTargetDependency;
			target = 8CF1D08C1EE1023A00DD39F1 /* ColorBlindTest */;
			targetProxy = 8CF1D0A21EE1023A00DD39F1 /* PBXContainerItemProxy */;
		};
		8CF1D0AE1EE1023A00DD39F1 /* PBXTargetDependency */ = {
			isa = PBXTargetDependency;
			target = 8CF1D08C1EE1023A00DD39F1 /* ColorBlindTest */;
			targetProxy = 8CF1D0AD1EE1023A00DD39F1 /* PBXContainerItemProxy */;
		};
/* End PBXTargetDependency section */

/* Begin PBXVariantGroup section */
		8CF1D0941EE1023A00DD39F1 /* Main.storyboard */ = {
			isa = PBXVariantGroup;
			children = (
				8CF1D0951EE1023A00DD39F1 /* Base */,
			);
			name = Main.storyboard;
			sourceTree = "<group>";
		};
		8CF1D0991EE1023A00DD39F1 /* LaunchScreen.storyboard */ = {
			isa = PBXVariantGroup;
			children = (
				8CF1D09A1EE1023A00DD39F1 /* Base */,
			);
			name = LaunchScreen.storyboard;
			sourceTree = "<group>";
		};
/* End PBXVariantGroup section */

/* Begin XCBuildConfiguration section */
		8CF1D0B31EE1023A00DD39F1 /* Debug */ = {
			isa = XCBuildConfiguration;
			buildSettings = {
				ALWAYS_SEARCH_USER_PATHS = NO;
				CLANG_ANALYZER_NONNULL = YES;
				CLANG_CXX_LANGUAGE_STANDARD = "gnu++0x";
				CLANG_CXX_LIBRARY = "libc++";
				CLANG_ENABLE_MODULES = YES;
				CLANG_ENABLE_OBJC_ARC = YES;
				CLANG_WARN_BOOL_CONVERSION = YES;
				CLANG_WARN_CONSTANT_CONVERSION = YES;
				CLANG_WARN_DIRECT_OBJC_ISA_USAGE = YES_ERROR;
				CLANG_WARN_DOCUMENTATION_COMMENTS = YES;
				CLANG_WARN_EMPTY_BODY = YES;
				CLANG_WARN_ENUM_CONVERSION = YES;
				CLANG_WARN_INFINITE_RECURSION = YES;
				CLANG_WARN_INT_CONVERSION = YES;
				CLANG_WARN_OBJC_ROOT_CLASS = YES_ERROR;
				CLANG_WARN_SUSPICIOUS_MOVE = YES;
				CLANG_WARN_UNREACHABLE_CODE = YES;
				CLANG_WARN__DUPLICATE_METHOD_MATCH = YES;
				"CODE_SIGN_IDENTITY[sdk=iphoneos*]" = "iPhone Developer";
				COPY_PHASE_STRIP = NO;
				DEBUG_INFORMATION_FORMAT = dwarf;
				ENABLE_STRICT_OBJC_MSGSEND = YES;
				ENABLE_TESTABILITY = YES;
				GCC_C_LANGUAGE_STANDARD = gnu99;
				GCC_DYNAMIC_NO_PIC = NO;
				GCC_NO_COMMON_BLOCKS = YES;
				GCC_OPTIMIZATION_LEVEL = 0;
				GCC_PREPROCESSOR_DEFINITIONS = (
					"DEBUG=1",
					"$(inherited)",
				);
				GCC_WARN_64_TO_32_BIT_CONVERSION = YES;
				GCC_WARN_ABOUT_RETURN_TYPE = YES_ERROR;
				GCC_WARN_UNDECLARED_SELECTOR = YES;
				GCC_WARN_UNINITIALIZED_AUTOS = YES_AGGRESSIVE;
				GCC_WARN_UNUSED_FUNCTION = YES;
				GCC_WARN_UNUSED_VARIABLE = YES;
				IPHONEOS_DEPLOYMENT_TARGET = 10.2;
				MTL_ENABLE_DEBUG_INFO = YES;
				ONLY_ACTIVE_ARCH = YES;
				SDKROOT = iphoneos;
				SWIFT_ACTIVE_COMPILATION_CONDITIONS = DEBUG;
				SWIFT_OPTIMIZATION_LEVEL = "-Onone";
				TARGETED_DEVICE_FAMILY = "1,2";
			};
			name = Debug;
		};
		8CF1D0B41EE1023A00DD39F1 /* Release */ = {
			isa = XCBuildConfiguration;
			buildSettings = {
				ALWAYS_SEARCH_USER_PATHS = NO;
				CLANG_ANALYZER_NONNULL = YES;
				CLANG_CXX_LANGUAGE_STANDARD = "gnu++0x";
				CLANG_CXX_LIBRARY = "libc++";
				CLANG_ENABLE_MODULES = YES;
				CLANG_ENABLE_OBJC_ARC = YES;
				CLANG_WARN_BOOL_CONVERSION = YES;
				CLANG_WARN_CONSTANT_CONVERSION = YES;
				CLANG_WARN_DIRECT_OBJC_ISA_USAGE = YES_ERROR;
				CLANG_WARN_DOCUMENTATION_COMMENTS = YES;
				CLANG_WARN_EMPTY_BODY = YES;
				CLANG_WARN_ENUM_CONVERSION = YES;
				CLANG_WARN_INFINITE_RECURSION = YES;
				CLANG_WARN_INT_CONVERSION = YES;
				CLANG_WARN_OBJC_ROOT_CLASS = YES_ERROR;
				CLANG_WARN_SUSPICIOUS_MOVE = YES;
				CLANG_WARN_UNREACHABLE_CODE = YES;
				CLANG_WARN__DUPLICATE_METHOD_MATCH = YES;
				"CODE_SIGN_IDENTITY[sdk=iphoneos*]" = "iPhone Developer";
				COPY_PHASE_STRIP = NO;
				DEBUG_INFORMATION_FORMAT = "dwarf-with-dsym";
				ENABLE_NS_ASSERTIONS = NO;
				ENABLE_STRICT_OBJC_MSGSEND = YES;
				GCC_C_LANGUAGE_STANDARD = gnu99;
				GCC_NO_COMMON_BLOCKS = YES;
				GCC_WARN_64_TO_32_BIT_CONVERSION = YES;
				GCC_WARN_ABOUT_RETURN_TYPE = YES_ERROR;
				GCC_WARN_UNDECLARED_SELECTOR = YES;
				GCC_WARN_UNINITIALIZED_AUTOS = YES_AGGRESSIVE;
				GCC_WARN_UNUSED_FUNCTION = YES;
				GCC_WARN_UNUSED_VARIABLE = YES;
				IPHONEOS_DEPLOYMENT_TARGET = 10.2;
				MTL_ENABLE_DEBUG_INFO = NO;
				SDKROOT = iphoneos;
				SWIFT_OPTIMIZATION_LEVEL = "-Owholemodule";
				TARGETED_DEVICE_FAMILY = "1,2";
				VALIDATE_PRODUCT = YES;
			};
			name = Release;
		};
		8CF1D0B61EE1023A00DD39F1 /* Debug */ = {
			isa = XCBuildConfiguration;
			buildSettings = {
				ASSETCATALOG_COMPILER_APPICON_NAME = AppIcon;
				DEVELOPMENT_TEAM = C76C44PQR5;
				INFOPLIST_FILE = ColorBlindTest/Info.plist;
				LD_RUNPATH_SEARCH_PATHS = "$(inherited) @executable_path/Frameworks";
				PRODUCT_BUNDLE_IDENTIFIER = DuckKite.ColorBlindTest;
				PRODUCT_NAME = "$(TARGET_NAME)";
				SWIFT_VERSION = 3.0;
			};
			name = Debug;
		};
		8CF1D0B71EE1023A00DD39F1 /* Release */ = {
			isa = XCBuildConfiguration;
			buildSettings = {
				ASSETCATALOG_COMPILER_APPICON_NAME = AppIcon;
				DEVELOPMENT_TEAM = C76C44PQR5;
				INFOPLIST_FILE = ColorBlindTest/Info.plist;
				LD_RUNPATH_SEARCH_PATHS = "$(inherited) @executable_path/Frameworks";
				PRODUCT_BUNDLE_IDENTIFIER = DuckKite.ColorBlindTest;
				PRODUCT_NAME = "$(TARGET_NAME)";
				SWIFT_VERSION = 3.0;
			};
			name = Release;
		};
		8CF1D0B91EE1023A00DD39F1 /* Debug */ = {
			isa = XCBuildConfiguration;
			buildSettings = {
				ALWAYS_EMBED_SWIFT_STANDARD_LIBRARIES = YES;
				BUNDLE_LOADER = "$(TEST_HOST)";
				DEVELOPMENT_TEAM = C76C44PQR5;
				INFOPLIST_FILE = ColorBlindTestTests/Info.plist;
				LD_RUNPATH_SEARCH_PATHS = "$(inherited) @executable_path/Frameworks @loader_path/Frameworks";
				PRODUCT_BUNDLE_IDENTIFIER = DuckKite.ColorBlindTestTests;
				PRODUCT_NAME = "$(TARGET_NAME)";
				SWIFT_VERSION = 3.0;
				TEST_HOST = "$(BUILT_PRODUCTS_DIR)/ColorBlindTest.app/ColorBlindTest";
			};
			name = Debug;
		};
		8CF1D0BA1EE1023A00DD39F1 /* Release */ = {
			isa = XCBuildConfiguration;
			buildSettings = {
				ALWAYS_EMBED_SWIFT_STANDARD_LIBRARIES = YES;
				BUNDLE_LOADER = "$(TEST_HOST)";
				DEVELOPMENT_TEAM = C76C44PQR5;
				INFOPLIST_FILE = ColorBlindTestTests/Info.plist;
				LD_RUNPATH_SEARCH_PATHS = "$(inherited) @executable_path/Frameworks @loader_path/Frameworks";
				PRODUCT_BUNDLE_IDENTIFIER = DuckKite.ColorBlindTestTests;
				PRODUCT_NAME = "$(TARGET_NAME)";
				SWIFT_VERSION = 3.0;
				TEST_HOST = "$(BUILT_PRODUCTS_DIR)/ColorBlindTest.app/ColorBlindTest";
			};
			name = Release;
		};
		8CF1D0BC1EE1023A00DD39F1 /* Debug */ = {
			isa = XCBuildConfiguration;
			buildSettings = {
				ALWAYS_EMBED_SWIFT_STANDARD_LIBRARIES = YES;
				DEVELOPMENT_TEAM = C76C44PQR5;
				INFOPLIST_FILE = ColorBlindTestUITests/Info.plist;
				LD_RUNPATH_SEARCH_PATHS = "$(inherited) @executable_path/Frameworks @loader_path/Frameworks";
				PRODUCT_BUNDLE_IDENTIFIER = DuckKite.ColorBlindTestUITests;
				PRODUCT_NAME = "$(TARGET_NAME)";
				SWIFT_VERSION = 3.0;
				TEST_TARGET_NAME = ColorBlindTest;
			};
			name = Debug;
		};
		8CF1D0BD1EE1023A00DD39F1 /* Release */ = {
			isa = XCBuildConfiguration;
			buildSettings = {
				ALWAYS_EMBED_SWIFT_STANDARD_LIBRARIES = YES;
				DEVELOPMENT_TEAM = C76C44PQR5;
				INFOPLIST_FILE = ColorBlindTestUITests/Info.plist;
				LD_RUNPATH_SEARCH_PATHS = "$(inherited) @executable_path/Frameworks @loader_path/Frameworks";
				PRODUCT_BUNDLE_IDENTIFIER = DuckKite.ColorBlindTestUITests;
				PRODUCT_NAME = "$(TARGET_NAME)";
				SWIFT_VERSION = 3.0;
				TEST_TARGET_NAME = ColorBlindTest;
			};
			name = Release;
		};
/* End XCBuildConfiguration section */

/* Begin XCConfigurationList section */
		8CF1D0881EE1023A00DD39F1 /* Build configuration list for PBXProject "ColorBlindTest" */ = {
			isa = XCConfigurationList;
			buildConfigurations = (
				8CF1D0B31EE1023A00DD39F1 /* Debug */,
				8CF1D0B41EE1023A00DD39F1 /* Release */,
			);
			defaultConfigurationIsVisible = 0;
			defaultConfigurationName = Release;
		};
		8CF1D0B51EE1023A00DD39F1 /* Build configuration list for PBXNativeTarget "ColorBlindTest" */ = {
			isa = XCConfigurationList;
			buildConfigurations = (
				8CF1D0B61EE1023A00DD39F1 /* Debug */,
				8CF1D0B71EE1023A00DD39F1 /* Release */,
			);
			defaultConfigurationIsVisible = 0;
		};
		8CF1D0B81EE1023A00DD39F1 /* Build configuration list for PBXNativeTarget "ColorBlindTestTests" */ = {
			isa = XCConfigurationList;
			buildConfigurations = (
				8CF1D0B91EE1023A00DD39F1 /* Debug */,
				8CF1D0BA1EE1023A00DD39F1 /* Release */,
			);
			defaultConfigurationIsVisible = 0;
		};
		8CF1D0BB1EE1023A00DD39F1 /* Build configuration list for PBXNativeTarget "ColorBlindTestUITests" */ = {
			isa = XCConfigurationList;
			buildConfigurations = (
				8CF1D0BC1EE1023A00DD39F1 /* Debug */,
				8CF1D0BD1EE1023A00DD39F1 /* Release */,
			);
			defaultConfigurationIsVisible = 0;
		};
/* End XCConfigurationList section */
	};
	rootObject = 8CF1D0851EE1023A00DD39F1 /* Project object */;
}
