// !$*UTF8*$!
{
	archiveVersion = 1;
	classes = {
	};
	objectVersion = 46;
	objects = {

/* Begin PBXBuildFile section */
		23D3CB6F4433DCABC96E2D53 /* Pods_ColorBlindTest.framework in Frameworks */ = {isa = PBXBuildFile; fileRef = 4217383DC45FB2D748692F76 /* Pods_ColorBlindTest.framework */; };
		8C018A2C1EE123FB00769384 /* ColorGameController.swift in Sources */ = {isa = PBXBuildFile; fileRef = 8C018A2A1EE123FB00769384 /* ColorGameController.swift */; };
		8C018A2D1EE123FB00769384 /* MainController.swift in Sources */ = {isa = PBXBuildFile; fileRef = 8C018A2B1EE123FB00769384 /* MainController.swift */; };
		8C018A301EE1243300769384 /* ColorGameCell.swift in Sources */ = {isa = PBXBuildFile; fileRef = 8C018A2F1EE1243300769384 /* ColorGameCell.swift */; };
		8C018A341EE12A8900769384 /* AppInfo.swift in Sources */ = {isa = PBXBuildFile; fileRef = 8C018A321EE12A8900769384 /* AppInfo.swift */; };
		8C018A351EE12A8900769384 /* UIUtils.swift in Sources */ = {isa = PBXBuildFile; fileRef = 8C018A331EE12A8900769384 /* UIUtils.swift */; };
		8C018A391EE1310C00769384 /* ColorGameBrain.swift in Sources */ = {isa = PBXBuildFile; fileRef = 8C018A381EE1310C00769384 /* ColorGameBrain.swift */; };
		8C018A3C1EE140EA00769384 /* Localizable.strings in Resources */ = {isa = PBXBuildFile; fileRef = 8C018A3A1EE140EA00769384 /* Localizable.strings */; };
		8C018A561EE14B9300769384 /* clock.json in Resources */ = {isa = PBXBuildFile; fileRef = 8C018A501EE14B9300769384 /* clock.json */; };
		8C018A571EE14B9300769384 /* infinite_rainbow.json in Resources */ = {isa = PBXBuildFile; fileRef = 8C018A511EE14B9300769384 /* infinite_rainbow.json */; };
		8C018A581EE14B9300769384 /* moving_eye.json in Resources */ = {isa = PBXBuildFile; fileRef = 8C018A521EE14B9300769384 /* moving_eye.json */; };
		8C018A591EE14B9300769384 /* play_and_like_it.json in Resources */ = {isa = PBXBuildFile; fileRef = 8C018A531EE14B9300769384 /* play_and_like_it.json */; };
		8C018A5A1EE14B9300769384 /* play_button.json in Resources */ = {isa = PBXBuildFile; fileRef = 8C018A541EE14B9300769384 /* play_button.json */; };
		8C018A5B1EE14B9300769384 /* refresh.json in Resources */ = {isa = PBXBuildFile; fileRef = 8C018A551EE14B9300769384 /* refresh.json */; };
		8CF1D0911EE1023A00DD39F1 /* AppDelegate.swift in Sources */ = {isa = PBXBuildFile; fileRef = 8CF1D0901EE1023A00DD39F1 /* AppDelegate.swift */; };
		8CF1D0961EE1023A00DD39F1 /* Main.storyboard in Resources */ = {isa = PBXBuildFile; fileRef = 8CF1D0941EE1023A00DD39F1 /* Main.storyboard */; };
		8CF1D0981EE1023A00DD39F1 /* Assets.xcassets in Resources */ = {isa = PBXBuildFile; fileRef = 8CF1D0971EE1023A00DD39F1 /* Assets.xcassets */; };
		8CF1D09B1EE1023A00DD39F1 /* LaunchScreen.storyboard in Resources */ = {isa = PBXBuildFile; fileRef = 8CF1D0991EE1023A00DD39F1 /* LaunchScreen.storyboard */; };
		8CF1D0A61EE1023A00DD39F1 /* ColorBlindTestTests.swift in Sources */ = {isa = PBXBuildFile; fileRef = 8CF1D0A51EE1023A00DD39F1 /* ColorBlindTestTests.swift */; };
		8CF1D0B11EE1023A00DD39F1 /* ColorBlindTestUITests.swift in Sources */ = {isa = PBXBuildFile; fileRef = 8CF1D0B01EE1023A00DD39F1 /* ColorBlindTestUITests.swift */; };
		E44EA3B832BBBE905CA9582E /* Pods_ColorBlindTestTests.framework in Frameworks */ = {isa = PBXBuildFile; fileRef = 9984700798DD83AEBD30D1E2 /* Pods_ColorBlindTestTests.framework */; };
		E4532E87AB74A421FC89076F /* Pods_ColorBlindTestUITests.framework in Frameworks */ = {isa = PBXBuildFile; fileRef = BA3C7E138E186F5BA05F2AFE /* Pods_ColorBlindTestUITests.framework */; };
/* End PBXBuildFile section */

/* Begin PBXContainerItemProxy section */
		8CF1D0A21EE1023A00DD39F1 /* PBXContainerItemProxy */ = {
			isa = PBXContainerItemProxy;
			containerPortal = 8CF1D0851EE1023A00DD39F1 /* Project object */;
			proxyType = 1;
			remoteGlobalIDString = 8CF1D08C1EE1023A00DD39F1;
			remoteInfo = ColorBlindTest;
		};
		8CF1D0AD1EE1023A00DD39F1 /* PBXContainerItemProxy */ = {
			isa = PBXContainerItemProxy;
			containerPortal = 8CF1D0851EE1023A00DD39F1 /* Project object */;
			proxyType = 1;
			remoteGlobalIDString = 8CF1D08C1EE1023A00DD39F1;
			remoteInfo = ColorBlindTest;
		};
/* End PBXContainerItemProxy section */

/* Begin PBXFileReference section */
		07DE533369FB6FD264F4F2E9 /* Pods-ColorBlindTestTests.debug.xcconfig */ = {isa = PBXFileReference; includeInIndex = 1; lastKnownFileType = text.xcconfig; name = "Pods-ColorBlindTestTests.debug.xcconfig"; path = "Pods/Target Support Files/Pods-ColorBlindTestTests/Pods-ColorBlindTestTests.debug.xcconfig"; sourceTree = "<group>"; };
		391D35DC37AD8544B719C7E0 /* Pods-ColorBlindTest.release.xcconfig */ = {isa = PBXFileReference; includeInIndex = 1; lastKnownFileType = text.xcconfig; name = "Pods-ColorBlindTest.release.xcconfig"; path = "Pods/Target Support Files/Pods-ColorBlindTest/Pods-ColorBlindTest.release.xcconfig"; sourceTree = "<group>"; };
		4217383DC45FB2D748692F76 /* Pods_ColorBlindTest.framework */ = {isa = PBXFileReference; explicitFileType = wrapper.framework; includeInIndex = 0; path = Pods_ColorBlindTest.framework; sourceTree = BUILT_PRODUCTS_DIR; };
		67DB7CFB54EC7C23E8CEC11D /* Pods-ColorBlindTestUITests.release.xcconfig */ = {isa = PBXFileReference; includeInIndex = 1; lastKnownFileType = text.xcconfig; name = "Pods-ColorBlindTestUITests.release.xcconfig"; path = "Pods/Target Support Files/Pods-ColorBlindTestUITests/Pods-ColorBlindTestUITests.release.xcconfig"; sourceTree = "<group>"; };
		6C6E6DE70DDEC78569A53B6F /* Pods-ColorBlindTest.debug.xcconfig */ = {isa = PBXFileReference; includeInIndex = 1; lastKnownFileType = text.xcconfig; name = "Pods-ColorBlindTest.debug.xcconfig"; path = "Pods/Target Support Files/Pods-ColorBlindTest/Pods-ColorBlindTest.debug.xcconfig"; sourceTree = "<group>"; };
		8C018A2A1EE123FB00769384 /* ColorGameController.swift */ = {isa = PBXFileReference; fileEncoding = 4; lastKnownFileType = sourcecode.swift; path = ColorGameController.swift; sourceTree = "<group>"; };
		8C018A2B1EE123FB00769384 /* MainController.swift */ = {isa = PBXFileReference; fileEncoding = 4; lastKnownFileType = sourcecode.swift; path = MainController.swift; sourceTree = "<group>"; };
		8C018A2F1EE1243300769384 /* ColorGameCell.swift */ = {isa = PBXFileReference; fileEncoding = 4; lastKnownFileType = sourcecode.swift; path = ColorGameCell.swift; sourceTree = "<group>"; };
		8C018A321EE12A8900769384 /* AppInfo.swift */ = {isa = PBXFileReference; fileEncoding = 4; lastKnownFileType = sourcecode.swift; path = AppInfo.swift; sourceTree = "<group>"; };
		8C018A331EE12A8900769384 /* UIUtils.swift */ = {isa = PBXFileReference; fileEncoding = 4; lastKnownFileType = sourcecode.swift; path = UIUtils.swift; sourceTree = "<group>"; };
		8C018A361EE1307F00769384 /* ko */ = {isa = PBXFileReference; lastKnownFileType = text.plist.strings; name = ko; path = ko.lproj/Main.strings; sourceTree = "<group>"; };
		8C018A381EE1310C00769384 /* ColorGameBrain.swift */ = {isa = PBXFileReference; fileEncoding = 4; lastKnownFileType = sourcecode.swift; path = ColorGameBrain.swift; sourceTree = "<group>"; };
		8C018A3B1EE140EA00769384 /* Base */ = {isa = PBXFileReference; lastKnownFileType = text.plist.strings; name = Base; path = Base.lproj/Localizable.strings; sourceTree = "<group>"; };
		8C018A3F1EE140F700769384 /* ko */ = {isa = PBXFileReference; lastKnownFileType = text.plist.strings; name = ko; path = ko.lproj/Localizable.strings; sourceTree = "<group>"; };
		8C018A501EE14B9300769384 /* clock.json */ = {isa = PBXFileReference; fileEncoding = 4; lastKnownFileType = text.json; path = clock.json; sourceTree = "<group>"; };
		8C018A511EE14B9300769384 /* infinite_rainbow.json */ = {isa = PBXFileReference; fileEncoding = 4; lastKnownFileType = text.json; path = infinite_rainbow.json; sourceTree = "<group>"; };
		8C018A521EE14B9300769384 /* moving_eye.json */ = {isa = PBXFileReference; fileEncoding = 4; lastKnownFileType = text.json; path = moving_eye.json; sourceTree = "<group>"; };
		8C018A531EE14B9300769384 /* play_and_like_it.json */ = {isa = PBXFileReference; fileEncoding = 4; lastKnownFileType = text.json; path = play_and_like_it.json; sourceTree = "<group>"; };
		8C018A541EE14B9300769384 /* play_button.json */ = {isa = PBXFileReference; fileEncoding = 4; lastKnownFileType = text.json; path = play_button.json; sourceTree = "<group>"; };
		8C018A551EE14B9300769384 /* refresh.json */ = {isa = PBXFileReference; fileEncoding = 4; lastKnownFileType = text.json; path = refresh.json; sourceTree = "<group>"; };
		8CF1D08D1EE1023A00DD39F1 /* ColorBlindTest.app */ = {isa = PBXFileReference; explicitFileType = wrapper.application; includeInIndex = 0; path = ColorBlindTest.app; sourceTree = BUILT_PRODUCTS_DIR; };
		8CF1D0901EE1023A00DD39F1 /* AppDelegate.swift */ = {isa = PBXFileReference; lastKnownFileType = sourcecode.swift; path = AppDelegate.swift; sourceTree = "<group>"; };
		8CF1D0951EE1023A00DD39F1 /* Base */ = {isa = PBXFileReference; lastKnownFileType = file.storyboard; name = Base; path = Base.lproj/Main.storyboard; sourceTree = "<group>"; };
		8CF1D0971EE1023A00DD39F1 /* Assets.xcassets */ = {isa = PBXFileReference; lastKnownFileType = folder.assetcatalog; path = Assets.xcassets; sourceTree = "<group>"; };
		8CF1D09A1EE1023A00DD39F1 /* Base */ = {isa = PBXFileReference; lastKnownFileType = file.storyboard; name = Base; path = Base.lproj/LaunchScreen.storyboard; sourceTree = "<group>"; };
		8CF1D09C1EE1023A00DD39F1 /* Info.plist */ = {isa = PBXFileReference; lastKnownFileType = text.plist.xml; path = Info.plist; sourceTree = "<group>"; };
		8CF1D0A11EE1023A00DD39F1 /* ColorBlindTestTests.xctest */ = {isa = PBXFileReference; explicitFileType = wrapper.cfbundle; includeInIndex = 0; path = ColorBlindTestTests.xctest; sourceTree = BUILT_PRODUCTS_DIR; };
		8CF1D0A51EE1023A00DD39F1 /* ColorBlindTestTests.swift */ = {isa = PBXFileReference; lastKnownFileType = sourcecode.swift; path = ColorBlindTestTests.swift; sourceTree = "<group>"; };
		8CF1D0A71EE1023A00DD39F1 /* Info.plist */ = {isa = PBXFileReference; lastKnownFileType = text.plist.xml; path = Info.plist; sourceTree = "<group>"; };
		8CF1D0AC1EE1023A00DD39F1 /* ColorBlindTestUITests.xctest */ = {isa = PBXFileReference; explicitFileType = wrapper.cfbundle; includeInIndex = 0; path = ColorBlindTestUITests.xctest; sourceTree = BUILT_PRODUCTS_DIR; };
		8CF1D0B01EE1023A00DD39F1 /* ColorBlindTestUITests.swift */ = {isa = PBXFileReference; lastKnownFileType = sourcecode.swift; path = ColorBlindTestUITests.swift; sourceTree = "<group>"; };
		8CF1D0B21EE1023A00DD39F1 /* Info.plist */ = {isa = PBXFileReference; lastKnownFileType = text.plist.xml; path = Info.plist; sourceTree = "<group>"; };
		9984700798DD83AEBD30D1E2 /* Pods_ColorBlindTestTests.framework */ = {isa = PBXFileReference; explicitFileType = wrapper.framework; includeInIndex = 0; path = Pods_ColorBlindTestTests.framework; sourceTree = BUILT_PRODUCTS_DIR; };
		A374A0955DE516318C7924D3 /* Pods-ColorBlindTestTests.release.xcconfig */ = {isa = PBXFileReference; includeInIndex = 1; lastKnownFileType = text.xcconfig; name = "Pods-ColorBlindTestTests.release.xcconfig"; path = "Pods/Target Support Files/Pods-ColorBlindTestTests/Pods-ColorBlindTestTests.release.xcconfig"; sourceTree = "<group>"; };
		BA039BDE0EBD573745FC72FA /* Pods-ColorBlindTestUITests.debug.xcconfig */ = {isa = PBXFileReference; includeInIndex = 1; lastKnownFileType = text.xcconfig; name = "Pods-ColorBlindTestUITests.debug.xcconfig"; path = "Pods/Target Support Files/Pods-ColorBlindTestUITests/Pods-ColorBlindTestUITests.debug.xcconfig"; sourceTree = "<group>"; };
		BA3C7E138E186F5BA05F2AFE /* Pods_ColorBlindTestUITests.framework */ = {isa = PBXFileReference; explicitFileType = wrapper.framework; includeInIndex = 0; path = Pods_ColorBlindTestUITests.framework; sourceTree = BUILT_PRODUCTS_DIR; };
/* End PBXFileReference section */

/* Begin PBXFrameworksBuildPhase section */
		8CF1D08A1EE1023A00DD39F1 /* Frameworks */ = {
			isa = PBXFrameworksBuildPhase;
			buildActionMask = 2147483647;
			files = (
				23D3CB6F4433DCABC96E2D53 /* Pods_ColorBlindTest.framework in Frameworks */,
			);
			runOnlyForDeploymentPostprocessing = 0;
		};
		8CF1D09E1EE1023A00DD39F1 /* Frameworks */ = {
			isa = PBXFrameworksBuildPhase;
			buildActionMask = 2147483647;
			files = (
				E44EA3B832BBBE905CA9582E /* Pods_ColorBlindTestTests.framework in Frameworks */,
			);
			runOnlyForDeploymentPostprocessing = 0;
		};
		8CF1D0A91EE1023A00DD39F1 /* Frameworks */ = {
			isa = PBXFrameworksBuildPhase;
			buildActionMask = 2147483647;
			files = (
				E4532E87AB74A421FC89076F /* Pods_ColorBlindTestUITests.framework in Frameworks */,
			);
			runOnlyForDeploymentPostprocessing = 0;
		};
/* End PBXFrameworksBuildPhase section */

/* Begin PBXGroup section */
		53DC86480A81DC909EB6A149 /* Pods */ = {
			isa = PBXGroup;
			children = (
				6C6E6DE70DDEC78569A53B6F /* Pods-ColorBlindTest.debug.xcconfig */,
				391D35DC37AD8544B719C7E0 /* Pods-ColorBlindTest.release.xcconfig */,
				07DE533369FB6FD264F4F2E9 /* Pods-ColorBlindTestTests.debug.xcconfig */,
				A374A0955DE516318C7924D3 /* Pods-ColorBlindTestTests.release.xcconfig */,
				BA039BDE0EBD573745FC72FA /* Pods-ColorBlindTestUITests.debug.xcconfig */,
				67DB7CFB54EC7C23E8CEC11D /* Pods-ColorBlindTestUITests.release.xcconfig */,
			);
			name = Pods;
			sourceTree = "<group>";
		};
		8C018A291EE123FB00769384 /* controller */ = {
			isa = PBXGroup;
			children = (
				8C018A2A1EE123FB00769384 /* ColorGameController.swift */,
				8C018A2B1EE123FB00769384 /* MainController.swift */,
			);
			path = controller;
			sourceTree = "<group>";
		};
		8C018A2E1EE1243300769384 /* cells */ = {
			isa = PBXGroup;
			children = (
				8C018A2F1EE1243300769384 /* ColorGameCell.swift */,
			);
			path = cells;
			sourceTree = "<group>";
		};
		8C018A311EE12A8900769384 /* utils */ = {
			isa = PBXGroup;
			children = (
				8C018A321EE12A8900769384 /* AppInfo.swift */,
				8C018A331EE12A8900769384 /* UIUtils.swift */,
			);
			path = utils;
			sourceTree = "<group>";
		};
		8C018A371EE1310C00769384 /* models */ = {
			isa = PBXGroup;
			children = (
				8C018A381EE1310C00769384 /* ColorGameBrain.swift */,
			);
			path = models;
			sourceTree = "<group>";
		};
		8C018A4F1EE14B9300769384 /* lottie */ = {
			isa = PBXGroup;
			children = (
				8C018A501EE14B9300769384 /* clock.json */,
				8C018A511EE14B9300769384 /* infinite_rainbow.json */,
				8C018A521EE14B9300769384 /* moving_eye.json */,
				8C018A531EE14B9300769384 /* play_and_like_it.json */,
				8C018A541EE14B9300769384 /* play_button.json */,
				8C018A551EE14B9300769384 /* refresh.json */,
			);
			path = lottie;
			sourceTree = "<group>";
		};
		8CF1D0841EE1023A00DD39F1 = {
			isa = PBXGroup;
			children = (
				8CF1D08F1EE1023A00DD39F1 /* ColorBlindTest */,
				8CF1D0A41EE1023A00DD39F1 /* ColorBlindTestTests */,
				8CF1D0AF1EE1023A00DD39F1 /* ColorBlindTestUITests */,
				8CF1D08E1EE1023A00DD39F1 /* Products */,
				53DC86480A81DC909EB6A149 /* Pods */,
				90126D350AFF9CA38CF6602E /* Frameworks */,
			);
			sourceTree = "<group>";
		};
		8CF1D08E1EE1023A00DD39F1 /* Products */ = {
			isa = PBXGroup;
			children = (
				8CF1D08D1EE1023A00DD39F1 /* ColorBlindTest.app */,
				8CF1D0A11EE1023A00DD39F1 /* ColorBlindTestTests.xctest */,
				8CF1D0AC1EE1023A00DD39F1 /* ColorBlindTestUITests.xctest */,
			);
			name = Products;
			sourceTree = "<group>";
		};
		8CF1D08F1EE1023A00DD39F1 /* ColorBlindTest */ = {
			isa = PBXGroup;
			children = (
				8C018A4F1EE14B9300769384 /* lottie */,
				8C018A371EE1310C00769384 /* models */,
				8C018A291EE123FB00769384 /* controller */,
				8C018A2E1EE1243300769384 /* cells */,
				8C018A311EE12A8900769384 /* utils */,
				8CF1D0901EE1023A00DD39F1 /* AppDelegate.swift */,
				8CF1D0941EE1023A00DD39F1 /* Main.storyboard */,
				8C018A3A1EE140EA00769384 /* Localizable.strings */,
				8CF1D0971EE1023A00DD39F1 /* Assets.xcassets */,
				8CF1D0991EE1023A00DD39F1 /* LaunchScreen.storyboard */,
				8CF1D09C1EE1023A00DD39F1 /* Info.plist */,
			);
			path = ColorBlindTest;
			sourceTree = "<group>";
		};
		8CF1D0A41EE1023A00DD39F1 /* ColorBlindTestTests */ = {
			isa = PBXGroup;
			children = (
				8CF1D0A51EE1023A00DD39F1 /* ColorBlindTestTests.swift */,
				8CF1D0A71EE1023A00DD39F1 /* Info.plist */,
			);
			path = ColorBlindTestTests;
			sourceTree = "<group>";
		};
		8CF1D0AF1EE1023A00DD39F1 /* ColorBlindTestUITests */ = {
			isa = PBXGroup;
			children = (
				8CF1D0B01EE1023A00DD39F1 /* ColorBlindTestUITests.swift */,
				8CF1D0B21EE1023A00DD39F1 /* Info.plist */,
			);
			path = ColorBlindTestUITests;
			sourceTree = "<group>";
		};
		90126D350AFF9CA38CF6602E /* Frameworks */ = {
			isa = PBXGroup;
			children = (
				4217383DC45FB2D748692F76 /* Pods_ColorBlindTest.framework */,
				9984700798DD83AEBD30D1E2 /* Pods_ColorBlindTestTests.framework */,
				BA3C7E138E186F5BA05F2AFE /* Pods_ColorBlindTestUITests.framework */,
			);
			name = Frameworks;
			sourceTree = "<group>";
		};
/* End PBXGroup section */

/* Begin PBXNativeTarget section */
		8CF1D08C1EE1023A00DD39F1 /* ColorBlindTest */ = {
			isa = PBXNativeTarget;
			buildConfigurationList = 8CF1D0B51EE1023A00DD39F1 /* Build configuration list for PBXNativeTarget "ColorBlindTest" */;
			buildPhases = (
				B97ADEFEC243DDE151A39617 /* [CP] Check Pods Manifest.lock */,
				8CF1D0891EE1023A00DD39F1 /* Sources */,
				8CF1D08A1EE1023A00DD39F1 /* Frameworks */,
				8CF1D08B1EE1023A00DD39F1 /* Resources */,
				37F9A1D69FBB42A0950FBDD1 /* [CP] Embed Pods Frameworks */,
				9CE9C72959BE354E560CB181 /* [CP] Copy Pods Resources */,
			);
			buildRules = (
			);
			dependencies = (
			);
			name = ColorBlindTest;
			productName = ColorBlindTest;
			productReference = 8CF1D08D1EE1023A00DD39F1 /* ColorBlindTest.app */;
			productType = "com.apple.product-type.application";
		};
		8CF1D0A01EE1023A00DD39F1 /* ColorBlindTestTests */ = {
			isa = PBXNativeTarget;
			buildConfigurationList = 8CF1D0B81EE1023A00DD39F1 /* Build configuration list for PBXNativeTarget "ColorBlindTestTests" */;
			buildPhases = (
				EF43F2AE34539E2B815F421E /* [CP] Check Pods Manifest.lock */,
				8CF1D09D1EE1023A00DD39F1 /* Sources */,
				8CF1D09E1EE1023A00DD39F1 /* Frameworks */,
				8CF1D09F1EE1023A00DD39F1 /* Resources */,
				A07A069AA2836F39745B8ECC /* [CP] Embed Pods Frameworks */,
				B2DBF1F5BC0752613C74AC69 /* [CP] Copy Pods Resources */,
			);
			buildRules = (
			);
			dependencies = (
				8CF1D0A31EE1023A00DD39F1 /* PBXTargetDependency */,
			);
			name = ColorBlindTestTests;
			productName = ColorBlindTestTests;
			productReference = 8CF1D0A11EE1023A00DD39F1 /* ColorBlindTestTests.xctest */;
			productType = "com.apple.product-type.bundle.unit-test";
		};
		8CF1D0AB1EE1023A00DD39F1 /* ColorBlindTestUITests */ = {
			isa = PBXNativeTarget;
			buildConfigurationList = 8CF1D0BB1EE1023A00DD39F1 /* Build configuration list for PBXNativeTarget "ColorBlindTestUITests" */;
			buildPhases = (
				64470DEAFF9DB6498E2F1D50 /* [CP] Check Pods Manifest.lock */,
				8CF1D0A81EE1023A00DD39F1 /* Sources */,
				8CF1D0A91EE1023A00DD39F1 /* Frameworks */,
				8CF1D0AA1EE1023A00DD39F1 /* Resources */,
				9D101438C9C9B6B4582DA813 /* [CP] Embed Pods Frameworks */,
				BADE475F53B387FA3A04823A /* [CP] Copy Pods Resources */,
			);
			buildRules = (
			);
			dependencies = (
				8CF1D0AE1EE1023A00DD39F1 /* PBXTargetDependency */,
			);
			name = ColorBlindTestUITests;
			productName = ColorBlindTestUITests;
			productReference = 8CF1D0AC1EE1023A00DD39F1 /* ColorBlindTestUITests.xctest */;
			productType = "com.apple.product-type.bundle.ui-testing";
		};
/* End PBXNativeTarget section */

/* Begin PBXProject section */
		8CF1D0851EE1023A00DD39F1 /* Project object */ = {
			isa = PBXProject;
			attributes = {
				LastSwiftUpdateCheck = 0820;
				LastUpgradeCheck = 0820;
				ORGANIZATIONNAME = DuckKite;
				TargetAttributes = {
					8CF1D08C1EE1023A00DD39F1 = {
						CreatedOnToolsVersion = 8.2.1;
						DevelopmentTeam = C76C44PQR5;
						ProvisioningStyle = Automatic;
					};
					8CF1D0A01EE1023A00DD39F1 = {
						CreatedOnToolsVersion = 8.2.1;
						DevelopmentTeam = C76C44PQR5;
						ProvisioningStyle = Automatic;
						TestTargetID = 8CF1D08C1EE1023A00DD39F1;
					};
					8CF1D0AB1EE1023A00DD39F1 = {
						CreatedOnToolsVersion = 8.2.1;
						DevelopmentTeam = C76C44PQR5;
						ProvisioningStyle = Automatic;
						TestTargetID = 8CF1D08C1EE1023A00DD39F1;
					};
				};
			};
			buildConfigurationList = 8CF1D0881EE1023A00DD39F1 /* Build configuration list for PBXProject "ColorBlindTest" */;
			compatibilityVersion = "Xcode 3.2";
			developmentRegion = English;
			hasScannedForEncodings = 0;
			knownRegions = (
				en,
				Base,
				ko,
			);
			mainGroup = 8CF1D0841EE1023A00DD39F1;
			productRefGroup = 8CF1D08E1EE1023A00DD39F1 /* Products */;
			projectDirPath = "";
			projectRoot = "";
			targets = (
				8CF1D08C1EE1023A00DD39F1 /* ColorBlindTest */,
				8CF1D0A01EE1023A00DD39F1 /* ColorBlindTestTests */,
				8CF1D0AB1EE1023A00DD39F1 /* ColorBlindTestUITests */,
			);
		};
/* End PBXProject section */

/* Begin PBXResourcesBuildPhase section */
		8CF1D08B1EE1023A00DD39F1 /* Resources */ = {
			isa = PBXResourcesBuildPhase;
			buildActionMask = 2147483647;
			files = (
				8C018A3C1EE140EA00769384 /* Localizable.strings in Resources */,
				8CF1D09B1EE1023A00DD39F1 /* LaunchScreen.storyboard in Resources */,
				8CF1D0981EE1023A00DD39F1 /* Assets.xcassets in Resources */,
				8C018A561EE14B9300769384 /* clock.json in Resources */,
				8C018A581EE14B9300769384 /* moving_eye.json in Resources */,
				8C018A591EE14B9300769384 /* play_and_like_it.json in Resources */,
				8C018A571EE14B9300769384 /* infinite_rainbow.json in Resources */,
				8CF1D0961EE1023A00DD39F1 /* Main.storyboard in Resources */,
				8C018A5A1EE14B9300769384 /* play_button.json in Resources */,
				8C018A5B1EE14B9300769384 /* refresh.json in Resources */,
			);
			runOnlyForDeploymentPostprocessing = 0;
		};
		8CF1D09F1EE1023A00DD39F1 /* Resources */ = {
			isa = PBXResourcesBuildPhase;
			buildActionMask = 2147483647;
			files = (
			);
			runOnlyForDeploymentPostprocessing = 0;
		};
		8CF1D0AA1EE1023A00DD39F1 /* Resources */ = {
			isa = PBXResourcesBuildPhase;
			buildActionMask = 2147483647;
			files = (
			);
			runOnlyForDeploymentPostprocessing = 0;
		};
/* End PBXResourcesBuildPhase section */

/* Begin PBXShellScriptBuildPhase section */
		37F9A1D69FBB42A0950FBDD1 /* [CP] Embed Pods Frameworks */ = {
			isa = PBXShellScriptBuildPhase;
			buildActionMask = 2147483647;
			files = (
			);
			inputPaths = (
			);
			name = "[CP] Embed Pods Frameworks";
			outputPaths = (
			);
			runOnlyForDeploymentPostprocessing = 0;
			shellPath = /bin/sh;
			shellScript = "\"${SRCROOT}/Pods/Target Support Files/Pods-ColorBlindTest/Pods-ColorBlindTest-frameworks.sh\"\n";
			showEnvVarsInLog = 0;
		};
		64470DEAFF9DB6498E2F1D50 /* [CP] Check Pods Manifest.lock */ = {
			isa = PBXShellScriptBuildPhase;
			buildActionMask = 2147483647;
			files = (
			);
			inputPaths = (
			);
			name = "[CP] Check Pods Manifest.lock";
			outputPaths = (
			);
			runOnlyForDeploymentPostprocessing = 0;
			shellPath = /bin/sh;
			shellScript = "diff \"${PODS_PODFILE_DIR_PATH}/Podfile.lock\" \"${PODS_ROOT}/Manifest.lock\" > /dev/null\nif [ $? != 0 ] ; then\n    # print error to STDERR\n    echo \"error: The sandbox is not in sync with the Podfile.lock. Run 'pod install' or update your CocoaPods installation.\" >&2\n    exit 1\nfi\n";
			showEnvVarsInLog = 0;
		};
		9CE9C72959BE354E560CB181 /* [CP] Copy Pods Resources */ = {
			isa = PBXShellScriptBuildPhase;
			buildActionMask = 2147483647;
			files = (
			);
			inputPaths = (
			);
			name = "[CP] Copy Pods Resources";
			outputPaths = (
			);
			runOnlyForDeploymentPostprocessing = 0;
			shellPath = /bin/sh;
			shellScript = "\"${SRCROOT}/Pods/Target Support Files/Pods-ColorBlindTest/Pods-ColorBlindTest-resources.sh\"\n";
			showEnvVarsInLog = 0;
		};
		9D101438C9C9B6B4582DA813 /* [CP] Embed Pods Frameworks */ = {
			isa = PBXShellScriptBuildPhase;
			buildActionMask = 2147483647;
			files = (
			);
			inputPaths = (
			);
			name = "[CP] Embed Pods Frameworks";
			outputPaths = (
			);
			runOnlyForDeploymentPostprocessing = 0;
			shellPath = /bin/sh;
			shellScript = "\"${SRCROOT}/Pods/Target Support Files/Pods-ColorBlindTestUITests/Pods-ColorBlindTestUITests-frameworks.sh\"\n";
			showEnvVarsInLog = 0;
		};
		A07A069AA2836F39745B8ECC /* [CP] Embed Pods Frameworks */ = {
			isa = PBXShellScriptBuildPhase;
			buildActionMask = 2147483647;
			files = (
			);
			inputPaths = (
			);
			name = "[CP] Embed Pods Frameworks";
			outputPaths = (
			);
			runOnlyForDeploymentPostprocessing = 0;
			shellPath = /bin/sh;
			shellScript = "\"${SRCROOT}/Pods/Target Support Files/Pods-ColorBlindTestTests/Pods-ColorBlindTestTests-frameworks.sh\"\n";
			showEnvVarsInLog = 0;
		};
		B2DBF1F5BC0752613C74AC69 /* [CP] Copy Pods Resources */ = {
			isa = PBXShellScriptBuildPhase;
			buildActionMask = 2147483647;
			files = (
			);
			inputPaths = (
			);
			name = "[CP] Copy Pods Resources";
			outputPaths = (
			);
			runOnlyForDeploymentPostprocessing = 0;
			shellPath = /bin/sh;
			shellScript = "\"${SRCROOT}/Pods/Target Support Files/Pods-ColorBlindTestTests/Pods-ColorBlindTestTests-resources.sh\"\n";
			showEnvVarsInLog = 0;
		};
		B97ADEFEC243DDE151A39617 /* [CP] Check Pods Manifest.lock */ = {
			isa = PBXShellScriptBuildPhase;
			buildActionMask = 2147483647;
			files = (
			);
			inputPaths = (
			);
			name = "[CP] Check Pods Manifest.lock";
			outputPaths = (
			);
			runOnlyForDeploymentPostprocessing = 0;
			shellPath = /bin/sh;
			shellScript = "diff \"${PODS_PODFILE_DIR_PATH}/Podfile.lock\" \"${PODS_ROOT}/Manifest.lock\" > /dev/null\nif [ $? != 0 ] ; then\n    # print error to STDERR\n    echo \"error: The sandbox is not in sync with the Podfile.lock. Run 'pod install' or update your CocoaPods installation.\" >&2\n    exit 1\nfi\n";
			showEnvVarsInLog = 0;
		};
		BADE475F53B387FA3A04823A /* [CP] Copy Pods Resources */ = {
			isa = PBXShellScriptBuildPhase;
			buildActionMask = 2147483647;
			files = (
			);
			inputPaths = (
			);
			name = "[CP] Copy Pods Resources";
			outputPaths = (
			);
			runOnlyForDeploymentPostprocessing = 0;
			shellPath = /bin/sh;
			shellScript = "\"${SRCROOT}/Pods/Target Support Files/Pods-ColorBlindTestUITests/Pods-ColorBlindTestUITests-resources.sh\"\n";
			showEnvVarsInLog = 0;
		};
		EF43F2AE34539E2B815F421E /* [CP] Check Pods Manifest.lock */ = {
			isa = PBXShellScriptBuildPhase;
			buildActionMask = 2147483647;
			files = (
			);
			inputPaths = (
			);
			name = "[CP] Check Pods Manifest.lock";
			outputPaths = (
			);
			runOnlyForDeploymentPostprocessing = 0;
			shellPath = /bin/sh;
			shellScript = "diff \"${PODS_PODFILE_DIR_PATH}/Podfile.lock\" \"${PODS_ROOT}/Manifest.lock\" > /dev/null\nif [ $? != 0 ] ; then\n    # print error to STDERR\n    echo \"error: The sandbox is not in sync with the Podfile.lock. Run 'pod install' or update your CocoaPods installation.\" >&2\n    exit 1\nfi\n";
			showEnvVarsInLog = 0;
		};
/* End PBXShellScriptBuildPhase section */

/* Begin PBXSourcesBuildPhase section */
		8CF1D0891EE1023A00DD39F1 /* Sources */ = {
			isa = PBXSourcesBuildPhase;
			buildActionMask = 2147483647;
			files = (
				8C018A2D1EE123FB00769384 /* MainController.swift in Sources */,
				8C018A391EE1310C00769384 /* ColorGameBrain.swift in Sources */,
				8C018A341EE12A8900769384 /* AppInfo.swift in Sources */,
				8C018A301EE1243300769384 /* ColorGameCell.swift in Sources */,
				8C018A351EE12A8900769384 /* UIUtils.swift in Sources */,
				8CF1D0911EE1023A00DD39F1 /* AppDelegate.swift in Sources */,
				8C018A2C1EE123FB00769384 /* ColorGameController.swift in Sources */,
			);
			runOnlyForDeploymentPostprocessing = 0;
		};
		8CF1D09D1EE1023A00DD39F1 /* Sources */ = {
			isa = PBXSourcesBuildPhase;
			buildActionMask = 2147483647;
			files = (
				8CF1D0A61EE1023A00DD39F1 /* ColorBlindTestTests.swift in Sources */,
			);
			runOnlyForDeploymentPostprocessing = 0;
		};
		8CF1D0A81EE1023A00DD39F1 /* Sources */ = {
			isa = PBXSourcesBuildPhase;
			buildActionMask = 2147483647;
			files = (
				8CF1D0B11EE1023A00DD39F1 /* ColorBlindTestUITests.swift in Sources */,
			);
			runOnlyForDeploymentPostprocessing = 0;
		};
/* End PBXSourcesBuildPhase section */

/* Begin PBXTargetDependency section */
		8CF1D0A31EE1023A00DD39F1 /* PBXTargetDependency */ = {
			isa = PBXTargetDependency;
			target = 8CF1D08C1EE1023A00DD39F1 /* ColorBlindTest */;
			targetProxy = 8CF1D0A21EE1023A00DD39F1 /* PBXContainerItemProxy */;
		};
		8CF1D0AE1EE1023A00DD39F1 /* PBXTargetDependency */ = {
			isa = PBXTargetDependency;
			target = 8CF1D08C1EE1023A00DD39F1 /* ColorBlindTest */;
			targetProxy = 8CF1D0AD1EE1023A00DD39F1 /* PBXContainerItemProxy */;
		};
/* End PBXTargetDependency section */

/* Begin PBXVariantGroup section */
		8C018A3A1EE140EA00769384 /* Localizable.strings */ = {
			isa = PBXVariantGroup;
			children = (
				8C018A3B1EE140EA00769384 /* Base */,
				8C018A3F1EE140F700769384 /* ko */,
			);
			name = Localizable.strings;
			sourceTree = "<group>";
		};
		8CF1D0941EE1023A00DD39F1 /* Main.storyboard */ = {
			isa = PBXVariantGroup;
			children = (
				8CF1D0951EE1023A00DD39F1 /* Base */,
				8C018A361EE1307F00769384 /* ko */,
			);
			name = Main.storyboard;
			sourceTree = "<group>";
		};
		8CF1D0991EE1023A00DD39F1 /* LaunchScreen.storyboard */ = {
			isa = PBXVariantGroup;
			children = (
				8CF1D09A1EE1023A00DD39F1 /* Base */,
			);
			name = LaunchScreen.storyboard;
			sourceTree = "<group>";
		};
/* End PBXVariantGroup section */

/* Begin XCBuildConfiguration section */
		8CF1D0B31EE1023A00DD39F1 /* Debug */ = {
			isa = XCBuildConfiguration;
			buildSettings = {
				ALWAYS_SEARCH_USER_PATHS = NO;
				CLANG_ANALYZER_NONNULL = YES;
				CLANG_CXX_LANGUAGE_STANDARD = "gnu++0x";
				CLANG_CXX_LIBRARY = "libc++";
				CLANG_ENABLE_MODULES = YES;
				CLANG_ENABLE_OBJC_ARC = YES;
				CLANG_WARN_BOOL_CONVERSION = YES;
				CLANG_WARN_CONSTANT_CONVERSION = YES;
				CLANG_WARN_DIRECT_OBJC_ISA_USAGE = YES_ERROR;
				CLANG_WARN_DOCUMENTATION_COMMENTS = YES;
				CLANG_WARN_EMPTY_BODY = YES;
				CLANG_WARN_ENUM_CONVERSION = YES;
				CLANG_WARN_INFINITE_RECURSION = YES;
				CLANG_WARN_INT_CONVERSION = YES;
				CLANG_WARN_OBJC_ROOT_CLASS = YES_ERROR;
				CLANG_WARN_SUSPICIOUS_MOVE = YES;
				CLANG_WARN_UNREACHABLE_CODE = YES;
				CLANG_WARN__DUPLICATE_METHOD_MATCH = YES;
				"CODE_SIGN_IDENTITY[sdk=iphoneos*]" = "iPhone Developer";
				COPY_PHASE_STRIP = NO;
				DEBUG_INFORMATION_FORMAT = dwarf;
				ENABLE_STRICT_OBJC_MSGSEND = YES;
				ENABLE_TESTABILITY = YES;
				GCC_C_LANGUAGE_STANDARD = gnu99;
				GCC_DYNAMIC_NO_PIC = NO;
				GCC_NO_COMMON_BLOCKS = YES;
				GCC_OPTIMIZATION_LEVEL = 0;
				GCC_PREPROCESSOR_DEFINITIONS = (
					"DEBUG=1",
					"$(inherited)",
				);
				GCC_WARN_64_TO_32_BIT_CONVERSION = YES;
				GCC_WARN_ABOUT_RETURN_TYPE = YES_ERROR;
				GCC_WARN_UNDECLARED_SELECTOR = YES;
				GCC_WARN_UNINITIALIZED_AUTOS = YES_AGGRESSIVE;
				GCC_WARN_UNUSED_FUNCTION = YES;
				GCC_WARN_UNUSED_VARIABLE = YES;
				IPHONEOS_DEPLOYMENT_TARGET = 10.2;
				MTL_ENABLE_DEBUG_INFO = YES;
				ONLY_ACTIVE_ARCH = YES;
				SDKROOT = iphoneos;
				SWIFT_ACTIVE_COMPILATION_CONDITIONS = DEBUG;
				SWIFT_OPTIMIZATION_LEVEL = "-Onone";
				TARGETED_DEVICE_FAMILY = "1,2";
			};
			name = Debug;
		};
		8CF1D0B41EE1023A00DD39F1 /* Release */ = {
			isa = XCBuildConfiguration;
			buildSettings = {
				ALWAYS_SEARCH_USER_PATHS = NO;
				CLANG_ANALYZER_NONNULL = YES;
				CLANG_CXX_LANGUAGE_STANDARD = "gnu++0x";
				CLANG_CXX_LIBRARY = "libc++";
				CLANG_ENABLE_MODULES = YES;
				CLANG_ENABLE_OBJC_ARC = YES;
				CLANG_WARN_BOOL_CONVERSION = YES;
				CLANG_WARN_CONSTANT_CONVERSION = YES;
				CLANG_WARN_DIRECT_OBJC_ISA_USAGE = YES_ERROR;
				CLANG_WARN_DOCUMENTATION_COMMENTS = YES;
				CLANG_WARN_EMPTY_BODY = YES;
				CLANG_WARN_ENUM_CONVERSION = YES;
				CLANG_WARN_INFINITE_RECURSION = YES;
				CLANG_WARN_INT_CONVERSION = YES;
				CLANG_WARN_OBJC_ROOT_CLASS = YES_ERROR;
				CLANG_WARN_SUSPICIOUS_MOVE = YES;
				CLANG_WARN_UNREACHABLE_CODE = YES;
				CLANG_WARN__DUPLICATE_METHOD_MATCH = YES;
				"CODE_SIGN_IDENTITY[sdk=iphoneos*]" = "iPhone Developer";
				COPY_PHASE_STRIP = NO;
				DEBUG_INFORMATION_FORMAT = "dwarf-with-dsym";
				ENABLE_NS_ASSERTIONS = NO;
				ENABLE_STRICT_OBJC_MSGSEND = YES;
				GCC_C_LANGUAGE_STANDARD = gnu99;
				GCC_NO_COMMON_BLOCKS = YES;
				GCC_WARN_64_TO_32_BIT_CONVERSION = YES;
				GCC_WARN_ABOUT_RETURN_TYPE = YES_ERROR;
				GCC_WARN_UNDECLARED_SELECTOR = YES;
				GCC_WARN_UNINITIALIZED_AUTOS = YES_AGGRESSIVE;
				GCC_WARN_UNUSED_FUNCTION = YES;
				GCC_WARN_UNUSED_VARIABLE = YES;
				IPHONEOS_DEPLOYMENT_TARGET = 10.2;
				MTL_ENABLE_DEBUG_INFO = NO;
				SDKROOT = iphoneos;
				SWIFT_OPTIMIZATION_LEVEL = "-Owholemodule";
				TARGETED_DEVICE_FAMILY = "1,2";
				VALIDATE_PRODUCT = YES;
			};
			name = Release;
		};
		8CF1D0B61EE1023A00DD39F1 /* Debug */ = {
			isa = XCBuildConfiguration;
			baseConfigurationReference = 6C6E6DE70DDEC78569A53B6F /* Pods-ColorBlindTest.debug.xcconfig */;
			buildSettings = {
				ASSETCATALOG_COMPILER_APPICON_NAME = AppIcon;
				DEVELOPMENT_TEAM = C76C44PQR5;
				INFOPLIST_FILE = ColorBlindTest/Info.plist;
				LD_RUNPATH_SEARCH_PATHS = "$(inherited) @executable_path/Frameworks";
				PRODUCT_BUNDLE_IDENTIFIER = DuckKite.ColorBlindTest;
				PRODUCT_NAME = "$(TARGET_NAME)";
				SWIFT_VERSION = 3.0;
			};
			name = Debug;
		};
		8CF1D0B71EE1023A00DD39F1 /* Release */ = {
			isa = XCBuildConfiguration;
			baseConfigurationReference = 391D35DC37AD8544B719C7E0 /* Pods-ColorBlindTest.release.xcconfig */;
			buildSettings = {
				ASSETCATALOG_COMPILER_APPICON_NAME = AppIcon;
				DEVELOPMENT_TEAM = C76C44PQR5;
				INFOPLIST_FILE = ColorBlindTest/Info.plist;
				LD_RUNPATH_SEARCH_PATHS = "$(inherited) @executable_path/Frameworks";
				PRODUCT_BUNDLE_IDENTIFIER = DuckKite.ColorBlindTest;
				PRODUCT_NAME = "$(TARGET_NAME)";
				SWIFT_VERSION = 3.0;
			};
			name = Release;
		};
		8CF1D0B91EE1023A00DD39F1 /* Debug */ = {
			isa = XCBuildConfiguration;
			baseConfigurationReference = 07DE533369FB6FD264F4F2E9 /* Pods-ColorBlindTestTests.debug.xcconfig */;
			buildSettings = {
				ALWAYS_EMBED_SWIFT_STANDARD_LIBRARIES = YES;
				BUNDLE_LOADER = "$(TEST_HOST)";
				DEVELOPMENT_TEAM = C76C44PQR5;
				INFOPLIST_FILE = ColorBlindTestTests/Info.plist;
				LD_RUNPATH_SEARCH_PATHS = "$(inherited) @executable_path/Frameworks @loader_path/Frameworks";
				PRODUCT_BUNDLE_IDENTIFIER = DuckKite.ColorBlindTestTests;
				PRODUCT_NAME = "$(TARGET_NAME)";
				SWIFT_VERSION = 3.0;
				TEST_HOST = "$(BUILT_PRODUCTS_DIR)/ColorBlindTest.app/ColorBlindTest";
			};
			name = Debug;
		};
		8CF1D0BA1EE1023A00DD39F1 /* Release */ = {
			isa = XCBuildConfiguration;
			baseConfigurationReference = A374A0955DE516318C7924D3 /* Pods-ColorBlindTestTests.release.xcconfig */;
			buildSettings = {
				ALWAYS_EMBED_SWIFT_STANDARD_LIBRARIES = YES;
				BUNDLE_LOADER = "$(TEST_HOST)";
				DEVELOPMENT_TEAM = C76C44PQR5;
				INFOPLIST_FILE = ColorBlindTestTests/Info.plist;
				LD_RUNPATH_SEARCH_PATHS = "$(inherited) @executable_path/Frameworks @loader_path/Frameworks";
				PRODUCT_BUNDLE_IDENTIFIER = DuckKite.ColorBlindTestTests;
				PRODUCT_NAME = "$(TARGET_NAME)";
				SWIFT_VERSION = 3.0;
				TEST_HOST = "$(BUILT_PRODUCTS_DIR)/ColorBlindTest.app/ColorBlindTest";
			};
			name = Release;
		};
		8CF1D0BC1EE1023A00DD39F1 /* Debug */ = {
			isa = XCBuildConfiguration;
			baseConfigurationReference = BA039BDE0EBD573745FC72FA /* Pods-ColorBlindTestUITests.debug.xcconfig */;
			buildSettings = {
				ALWAYS_EMBED_SWIFT_STANDARD_LIBRARIES = YES;
				DEVELOPMENT_TEAM = C76C44PQR5;
				INFOPLIST_FILE = ColorBlindTestUITests/Info.plist;
				LD_RUNPATH_SEARCH_PATHS = "$(inherited) @executable_path/Frameworks @loader_path/Frameworks";
				PRODUCT_BUNDLE_IDENTIFIER = DuckKite.ColorBlindTestUITests;
				PRODUCT_NAME = "$(TARGET_NAME)";
				SWIFT_VERSION = 3.0;
				TEST_TARGET_NAME = ColorBlindTest;
			};
			name = Debug;
		};
		8CF1D0BD1EE1023A00DD39F1 /* Release */ = {
			isa = XCBuildConfiguration;
			baseConfigurationReference = 67DB7CFB54EC7C23E8CEC11D /* Pods-ColorBlindTestUITests.release.xcconfig */;
			buildSettings = {
				ALWAYS_EMBED_SWIFT_STANDARD_LIBRARIES = YES;
				DEVELOPMENT_TEAM = C76C44PQR5;
				INFOPLIST_FILE = ColorBlindTestUITests/Info.plist;
				LD_RUNPATH_SEARCH_PATHS = "$(inherited) @executable_path/Frameworks @loader_path/Frameworks";
				PRODUCT_BUNDLE_IDENTIFIER = DuckKite.ColorBlindTestUITests;
				PRODUCT_NAME = "$(TARGET_NAME)";
				SWIFT_VERSION = 3.0;
				TEST_TARGET_NAME = ColorBlindTest;
			};
			name = Release;
		};
/* End XCBuildConfiguration section */

/* Begin XCConfigurationList section */
		8CF1D0881EE1023A00DD39F1 /* Build configuration list for PBXProject "ColorBlindTest" */ = {
			isa = XCConfigurationList;
			buildConfigurations = (
				8CF1D0B31EE1023A00DD39F1 /* Debug */,
				8CF1D0B41EE1023A00DD39F1 /* Release */,
			);
			defaultConfigurationIsVisible = 0;
			defaultConfigurationName = Release;
		};
		8CF1D0B51EE1023A00DD39F1 /* Build configuration list for PBXNativeTarget "ColorBlindTest" */ = {
			isa = XCConfigurationList;
			buildConfigurations = (
				8CF1D0B61EE1023A00DD39F1 /* Debug */,
				8CF1D0B71EE1023A00DD39F1 /* Release */,
			);
			defaultConfigurationIsVisible = 0;
			defaultConfigurationName = Release;
		};
		8CF1D0B81EE1023A00DD39F1 /* Build configuration list for PBXNativeTarget "ColorBlindTestTests" */ = {
			isa = XCConfigurationList;
			buildConfigurations = (
				8CF1D0B91EE1023A00DD39F1 /* Debug */,
				8CF1D0BA1EE1023A00DD39F1 /* Release */,
			);
			defaultConfigurationIsVisible = 0;
			defaultConfigurationName = Release;
		};
		8CF1D0BB1EE1023A00DD39F1 /* Build configuration list for PBXNativeTarget "ColorBlindTestUITests" */ = {
			isa = XCConfigurationList;
			buildConfigurations = (
				8CF1D0BC1EE1023A00DD39F1 /* Debug */,
				8CF1D0BD1EE1023A00DD39F1 /* Release */,
			);
			defaultConfigurationIsVisible = 0;
			defaultConfigurationName = Release;
		};
/* End XCConfigurationList section */
	};
	rootObject = 8CF1D0851EE1023A00DD39F1 /* Project object */;
}
